<?xml version="1.0" encoding="utf-8"?>
<Project ToolsVersion="4.0" xmlns="http://schemas.microsoft.com/developer/msbuild/2003">
  <ItemGroup>
    <ClCompile Include="MemoryMonitor.cpp">
      <Filter>Source Files</Filter>
    </ClCompile>
    <ClCompile Include="Main.cpp">
      <Filter>Source Files</Filter>
    </ClCompile>
    <ClCompile Include="CpuMonitor.cpp">
      <Filter>Source Files</Filter>
    </ClCompile>
    <ClCompile Include="MonitorUtils.cpp">
      <Filter>Source Files</Filter>
    </ClCompile>
    <ClCompile Include="GpuMonitor.cpp">
      <Filter>Source Files</Filter>
    </ClCompile>
  </ItemGroup>
  <ItemGroup>
    <ClInclude Include="MemoryMonitor.h">
      <Filter>Header Files</Filter>
    </ClInclude>
    <ClInclude Include="CpuMonitor.h">
      <Filter>Header Files</Filter>
    </ClInclude>
    <ClInclude Include="MonitorUtils.h">
      <Filter>Header Files</Filter>
    </ClInclude>
    <ClInclude Include="GpuMonitor.h">
      <Filter>Header Files</Filter>
    </ClInclude>
  </ItemGroup>
  <ItemGroup>
    <Filter Include="Header Files">
      <UniqueIdentifier>{160b6ad4-1f77-4698-b50e-d2cf1319ea89}</UniqueIdentifier>
    </Filter>
    <Filter Include="Source Files">
      <UniqueIdentifier>{6d996452-f557-4e20-b9b7-a2a8e5cc8c9d}</UniqueIdentifier>
    </Filter>
  </ItemGroup>
</Project>